
Microsoft Visual Studio Solution File, Format Version 12.00
# Visual Studio 15
VisualStudioVersion = 15.0.28307.271
MinimumVisualStudioVersion = 10.0.40219.1
Project("{FAE04EC0-301F-11D3-BF4B-00C04F79EFBC}") = "Classes", "Classes\Classes.csproj", "{28204B55-F5FB-4663-B2AC-D80E6AD6B3F5}"
EndProject
Global
	GlobalSection(SolutionConfigurationPlatforms) = preSolution
		Debug|Any CPU = Debug|Any CPU
		Release|Any CPU = Release|Any CPU
	EndGlobalSection
	GlobalSection(ProjectConfigurationPlatforms) = postSolution
		{28204B55-F5FB-4663-B2AC-D80E6AD6B3F5}.Debug|Any CPU.ActiveCfg = Debug|Any CPU
		{28204B55-F5FB-4663-B2AC-D80E6AD6B3F5}.Debug|Any CPU.Build.0 = Debug|Any CPU
		{28204B55-F5FB-4663-B2AC-D80E6AD6B3F5}.Release|Any CPU.ActiveCfg = Release|Any CPU
		{28204B55-F5FB-4663-B2AC-D80E6AD6B3F5}.Release|Any CPU.Build.0 = Release|Any CPU
	EndGlobalSection
	GlobalSection(SolutionProperties) = preSolution
		HideSolutionNode = FALSE
	EndGlobalSection
	GlobalSection(ExtensibilityGlobals) = postSolution
		SolutionGuid = {8B6C5378-4367-44BA-98B4-CDFED520D23F}
	EndGlobalSection
EndGlobal
