
Microsoft Visual Studio Solution File, Format Version 12.00
# Visual Studio 15
VisualStudioVersion = 15.0.28307.271
MinimumVisualStudioVersion = 10.0.40219.1
Project("{FAE04EC0-301F-11D3-BF4B-00C04F79EFBC}") = "Write Text", "Write Text\Write Text.csproj", "{03DA92F1-848A-43E3-8144-9E05DF039BD3}"
EndProject
Global
	GlobalSection(SolutionConfigurationPlatforms) = preSolution
		Debug|Any CPU = Debug|Any CPU
		Release|Any CPU = Release|Any CPU
	EndGlobalSection
	GlobalSection(ProjectConfigurationPlatforms) = postSolution
		{03DA92F1-848A-43E3-8144-9E05DF039BD3}.Debug|Any CPU.ActiveCfg = Debug|Any CPU
		{03DA92F1-848A-43E3-8144-9E05DF039BD3}.Debug|Any CPU.Build.0 = Debug|Any CPU
		{03DA92F1-848A-43E3-8144-9E05DF039BD3}.Release|Any CPU.ActiveCfg = Release|Any CPU
		{03DA92F1-848A-43E3-8144-9E05DF039BD3}.Release|Any CPU.Build.0 = Release|Any CPU
	EndGlobalSection
	GlobalSection(SolutionProperties) = preSolution
		HideSolutionNode = FALSE
	EndGlobalSection
	GlobalSection(ExtensibilityGlobals) = postSolution
		SolutionGuid = {13EBB5C0-11F4-4AB6-A552-43D194A9A546}
	EndGlobalSection
EndGlobal
